;; imoogi-emacs packages.lock — vendor/elpa/ 에 동결된 패키지 버전
;; 생성: emacs 30.2, 총 87 패키지
;; NAME                         VERSION                ARCHIVE
ace-window                   0.10.0                 ?
aggressive-indent            1.10.0                 ?
apheleia                     20260613.2149          ?
async                        1.9.9                  ?
avy                          0.5.0                  ?
buffer-terminator            20260607.157           ?
bufferfile                   20260604.241           ?
cape                         2.7                    ?
cfrs                         20250729.1422          ?
compat                       31.0.0.1               ?
compile-angel                20260604.227           ?
cond-let                     1.1.2                  ?
consult                      3.6                    ?
corfu                        2.10                   ?
crontab-mode                 20210715.133           ?
csv-mode                     1.27                   ?
dash                         2.20.0                 ?
diff-hl                      1.10.0                 ?
dockerfile-mode              1.9                    ?
doom-modeline                20260612.740           ?
doom-themes                  20260117.2323          ?
dumb-jump                    20260603.1700          ?
elgrep                       20230814.1215          ?
elisp-refs                   20230920.201           ?
embark                       1.2                    ?
embark-consult               1.2                    ?
evil                         1.15.0                 ?
exec-path-from-shell         2.2                    ?
f                            20241003.1131          ?
fish-mode                    20240129.1213          ?
git-modes                    1.5.0                  ?
gnuplot                      0.12                   ?
go-mode                      1.6.0                  ?
groovy-mode                  20230318.533           ?
hcl-mode                     20240220.1534          ?
helpful                      20250408.334           ?
highlight-defined            20210411.222           ?
ht                           20230703.558           ?
hydra                        0.15.0                 ?
jenkinsfile-mode             20230525.2006          ?
jinja2-mode                  0.3                    ?
kirigami                     20260613.1820          ?
llama                        1.0.5                  ?
lua-mode                     20221027               ?
lv                           0.15.0                 ?
magit                        4.5.0                  ?
magit-section                4.5.0                  ?
marginalia                   2.11                   ?
markdown-mode                2.8                    ?
markdown-toc                 20260131.1444          ?
nerd-icons                   20260613.1537          ?
nginx-mode                   1.1.10                 ?
nix-mode                     1.5.0                  ?
obsidian                     20250220.2245          ?
orderless                    1.7                    ?
org-appear                   20240716.1413          ?
outline-indent               20260608.1221          ?
page-break-lines             0.15                   ?
paredit                      26                     ?
persist-text-scale           20260609.1528          ?
persp-mode                   20250830.955           ?
persp-projectile             20210618.708           ?
perspective                  20260403.538           ?
pfuture                      20220913.1401          ?
posframe                     1.5.2                  ?
projectile                   2.9.1                  ?
rust-mode                    1.0.6                  ?
s                            20220902.1511          ?
shrink-path                  20190208.1335          ?
stripspace                   20260604.232           ?
transient                    0.13.4                 ?
treemacs                     20251226.1307          ?
treemacs-evil                20250320.2145          ?
treemacs-icons-dired         20250320.2145          ?
treemacs-magit               20250726.2233          ?
treemacs-persp               20250320.2145          ?
treemacs-projectile          20250320.2206          ?
undo-fu                      0.5                    ?
undo-fu-session              0.8                    ?
vertico                      2.10                   ?
vimrc-mode                   20250128.635           ?
vterm                        20260528.1919          ?
with-editor                  3.5.1                  ?
yaml                         1.2.4                  ?
yaml-mode                    0.0.16                 ?
yasnippet                    0.14.3                 ?
yasnippet-snippets           1.0                    ?
